
Microsoft Visual Studio Solution File, Format Version 12.00
# Visual Studio Version 16
VisualStudioVersion = 16.0.30330.147
MinimumVisualStudioVersion = 10.0.40219.1
Project("{FAE04EC0-301F-11D3-BF4B-00C04F79EFBC}") = "PersonSender", "PersonSender\PersonSender.csproj", "{FA75A1D9-9B56-46F8-80A2-07ED45C68DD6}"
EndProject
Global
	GlobalSection(SolutionConfigurationPlatforms) = preSolution
		Debug|Any CPU = Debug|Any CPU
		Release|Any CPU = Release|Any CPU
	EndGlobalSection
	GlobalSection(ProjectConfigurationPlatforms) = postSolution
		{FA75A1D9-9B56-46F8-80A2-07ED45C68DD6}.Debug|Any CPU.ActiveCfg = Debug|Any CPU
		{FA75A1D9-9B56-46F8-80A2-07ED45C68DD6}.Debug|Any CPU.Build.0 = Debug|Any CPU
		{FA75A1D9-9B56-46F8-80A2-07ED45C68DD6}.Release|Any CPU.ActiveCfg = Release|Any CPU
		{FA75A1D9-9B56-46F8-80A2-07ED45C68DD6}.Release|Any CPU.Build.0 = Release|Any CPU
	EndGlobalSection
	GlobalSection(SolutionProperties) = preSolution
		HideSolutionNode = FALSE
	EndGlobalSection
	GlobalSection(ExtensibilityGlobals) = postSolution
		SolutionGuid = {40D42AAB-8302-4C3D-A683-A4EB1E3C3C2D}
	EndGlobalSection
EndGlobal
